
Microsoft Visual Studio Solution File, Format Version 12.00
# Visual Studio Version 16
VisualStudioVersion = 16.0.31911.196
MinimumVisualStudioVersion = 10.0.40219.1
Project("{9A19103F-16F7-4668-BE54-9A1E7A4F7556}") = "RestaurantOrder", "RestaurantOrder\RestaurantOrder.csproj", "{A3BBC815-F0A2-4888-81CD-E7091B41D9DE}"
EndProject
Project("{9A19103F-16F7-4668-BE54-9A1E7A4F7556}") = "RestaurantOrder.Tests", "RestaurantOrder.Tests\RestaurantOrder.Tests.csproj", "{CE036E42-9F31-482B-A532-81DFFC02BD46}"
EndProject
Global
	GlobalSection(SolutionConfigurationPlatforms) = preSolution
		Debug|Any CPU = Debug|Any CPU
		Release|Any CPU = Release|Any CPU
	EndGlobalSection
	GlobalSection(ProjectConfigurationPlatforms) = postSolution
		{A3BBC815-F0A2-4888-81CD-E7091B41D9DE}.Debug|Any CPU.ActiveCfg = Debug|Any CPU
		{A3BBC815-F0A2-4888-81CD-E7091B41D9DE}.Debug|Any CPU.Build.0 = Debug|Any CPU
		{A3BBC815-F0A2-4888-81CD-E7091B41D9DE}.Release|Any CPU.ActiveCfg = Release|Any CPU
		{A3BBC815-F0A2-4888-81CD-E7091B41D9DE}.Release|Any CPU.Build.0 = Release|Any CPU
		{CE036E42-9F31-482B-A532-81DFFC02BD46}.Debug|Any CPU.ActiveCfg = Debug|Any CPU
		{CE036E42-9F31-482B-A532-81DFFC02BD46}.Debug|Any CPU.Build.0 = Debug|Any CPU
		{CE036E42-9F31-482B-A532-81DFFC02BD46}.Release|Any CPU.ActiveCfg = Release|Any CPU
		{CE036E42-9F31-482B-A532-81DFFC02BD46}.Release|Any CPU.Build.0 = Release|Any CPU
	EndGlobalSection
	GlobalSection(SolutionProperties) = preSolution
		HideSolutionNode = FALSE
	EndGlobalSection
	GlobalSection(ExtensibilityGlobals) = postSolution
		SolutionGuid = {A615432C-C211-4A7B-AD7D-E74E14E7B2A9}
	EndGlobalSection
EndGlobal
